// !$*UTF8*$!
{
	archiveVersion = 1;
	classes = {
	};
	objectVersion = 56;
	objects = {

/* Begin PBXBuildFile section */
		CE11A19C2AFD5CD100C763E6 /* BackgroundAnimator.swift in Sources */ = {isa = PBXBuildFile; fileRef = CE11A19B2AFD5CD100C763E6 /* BackgroundAnimator.swift */; };
		CE11A19E2AFE91E200C763E6 /* BulletImageView.swift in Sources */ = {isa = PBXBuildFile; fileRef = CE11A19D2AFE91E200C763E6 /* BulletImageView.swift */; };
		CE50BDA12AFA469900C0801A /* GameSceneView.swift in Sources */ = {isa = PBXBuildFile; fileRef = CE50BDA02AFA469900C0801A /* GameSceneView.swift */; };
		CE50BDA42AFA472C00C0801A /* GameSceneViewController.swift in Sources */ = {isa = PBXBuildFile; fileRef = CE50BDA32AFA472C00C0801A /* GameSceneViewController.swift */; };
		CE50BDA62AFA4AB300C0801A /* StarShipView.swift in Sources */ = {isa = PBXBuildFile; fileRef = CE50BDA52AFA4AB300C0801A /* StarShipView.swift */; };
		CEFFA84F2AFA3FB0009EFAFB /* AppDelegate.swift in Sources */ = {isa = PBXBuildFile; fileRef = CEFFA84E2AFA3FB0009EFAFB /* AppDelegate.swift */; };
		CEFFA8512AFA3FB0009EFAFB /* SceneDelegate.swift in Sources */ = {isa = PBXBuildFile; fileRef = CEFFA8502AFA3FB0009EFAFB /* SceneDelegate.swift */; };
		CEFFA8532AFA3FB0009EFAFB /* MainViewController.swift in Sources */ = {isa = PBXBuildFile; fileRef = CEFFA8522AFA3FB0009EFAFB /* MainViewController.swift */; };
		CEFFA8562AFA3FB0009EFAFB /* Main.storyboard in Resources */ = {isa = PBXBuildFile; fileRef = CEFFA8542AFA3FB0009EFAFB /* Main.storyboard */; };
		CEFFA8582AFA3FB2009EFAFB /* Assets.xcassets in Resources */ = {isa = PBXBuildFile; fileRef = CEFFA8572AFA3FB2009EFAFB /* Assets.xcassets */; };
		CEFFA85B2AFA3FB2009EFAFB /* LaunchScreen.storyboard in Resources */ = {isa = PBXBuildFile; fileRef = CEFFA8592AFA3FB2009EFAFB /* LaunchScreen.storyboard */; };
/* End PBXBuildFile section */

/* Begin PBXFileReference section */
		CE11A19B2AFD5CD100C763E6 /* BackgroundAnimator.swift */ = {isa = PBXFileReference; lastKnownFileType = sourcecode.swift; path = BackgroundAnimator.swift; sourceTree = "<group>"; };
		CE11A19D2AFE91E200C763E6 /* BulletImageView.swift */ = {isa = PBXFileReference; lastKnownFileType = sourcecode.swift; path = BulletImageView.swift; sourceTree = "<group>"; };
		CE50BDA02AFA469900C0801A /* GameSceneView.swift */ = {isa = PBXFileReference; lastKnownFileType = sourcecode.swift; path = GameSceneView.swift; sourceTree = "<group>"; };
		CE50BDA32AFA472C00C0801A /* GameSceneViewController.swift */ = {isa = PBXFileReference; lastKnownFileType = sourcecode.swift; path = GameSceneViewController.swift; sourceTree = "<group>"; };
		CE50BDA52AFA4AB300C0801A /* StarShipView.swift */ = {isa = PBXFileReference; lastKnownFileType = sourcecode.swift; path = StarShipView.swift; sourceTree = "<group>"; };
		CEFFA84B2AFA3FB0009EFAFB /* SpaceRace.app */ = {isa = PBXFileReference; explicitFileType = wrapper.application; includeInIndex = 0; path = SpaceRace.app; sourceTree = BUILT_PRODUCTS_DIR; };
		CEFFA84E2AFA3FB0009EFAFB /* AppDelegate.swift */ = {isa = PBXFileReference; lastKnownFileType = sourcecode.swift; path = AppDelegate.swift; sourceTree = "<group>"; };
		CEFFA8502AFA3FB0009EFAFB /* SceneDelegate.swift */ = {isa = PBXFileReference; lastKnownFileType = sourcecode.swift; path = SceneDelegate.swift; sourceTree = "<group>"; };
		CEFFA8522AFA3FB0009EFAFB /* MainViewController.swift */ = {isa = PBXFileReference; lastKnownFileType = sourcecode.swift; path = MainViewController.swift; sourceTree = "<group>"; };
		CEFFA8552AFA3FB0009EFAFB /* Base */ = {isa = PBXFileReference; lastKnownFileType = file.storyboard; name = Base; path = Base.lproj/Main.storyboard; sourceTree = "<group>"; };
		CEFFA8572AFA3FB2009EFAFB /* Assets.xcassets */ = {isa = PBXFileReference; lastKnownFileType = folder.assetcatalog; path = Assets.xcassets; sourceTree = "<group>"; };
		CEFFA85A2AFA3FB2009EFAFB /* Base */ = {isa = PBXFileReference; lastKnownFileType = file.storyboard; name = Base; path = Base.lproj/LaunchScreen.storyboard; sourceTree = "<group>"; };
		CEFFA85C2AFA3FB2009EFAFB /* Info.plist */ = {isa = PBXFileReference; lastKnownFileType = text.plist.xml; path = Info.plist; sourceTree = "<group>"; };
/* End PBXFileReference section */

/* Begin PBXFrameworksBuildPhase section */
		CEFFA8482AFA3FB0009EFAFB /* Frameworks */ = {
			isa = PBXFrameworksBuildPhase;
			buildActionMask = 2147483647;
			files = (
			);
			runOnlyForDeploymentPostprocessing = 0;
		};
/* End PBXFrameworksBuildPhase section */

/* Begin PBXGroup section */
		CE50BD9F2AFA465900C0801A /* Views */ = {
			isa = PBXGroup;
			children = (
				CE50BDA02AFA469900C0801A /* GameSceneView.swift */,
				CE11A19D2AFE91E200C763E6 /* BulletImageView.swift */,
				CE11A19B2AFD5CD100C763E6 /* BackgroundAnimator.swift */,
				CE50BDA52AFA4AB300C0801A /* StarShipView.swift */,
			);
			path = Views;
			sourceTree = "<group>";
		};
		CE50BDA22AFA46F500C0801A /* Controllers */ = {
			isa = PBXGroup;
			children = (
				CEFFA8522AFA3FB0009EFAFB /* MainViewController.swift */,
				CE50BDA32AFA472C00C0801A /* GameSceneViewController.swift */,
			);
			path = Controllers;
			sourceTree = "<group>";
		};
		CEFFA8422AFA3FAF009EFAFB = {
			isa = PBXGroup;
			children = (
				CEFFA84D2AFA3FB0009EFAFB /* SpaceRace */,
				CEFFA84C2AFA3FB0009EFAFB /* Products */,
			);
			sourceTree = "<group>";
		};
		CEFFA84C2AFA3FB0009EFAFB /* Products */ = {
			isa = PBXGroup;
			children = (
				CEFFA84B2AFA3FB0009EFAFB /* SpaceRace.app */,
			);
			name = Products;
			sourceTree = "<group>";
		};
		CEFFA84D2AFA3FB0009EFAFB /* SpaceRace */ = {
			isa = PBXGroup;
			children = (
				CEFFA84E2AFA3FB0009EFAFB /* AppDelegate.swift */,
				CEFFA8502AFA3FB0009EFAFB /* SceneDelegate.swift */,
				CE50BDA22AFA46F500C0801A /* Controllers */,
				CE50BD9F2AFA465900C0801A /* Views */,
				CEFFA8542AFA3FB0009EFAFB /* Main.storyboard */,
				CEFFA8572AFA3FB2009EFAFB /* Assets.xcassets */,
				CEFFA8592AFA3FB2009EFAFB /* LaunchScreen.storyboard */,
				CEFFA85C2AFA3FB2009EFAFB /* Info.plist */,
			);
			path = SpaceRace;
			sourceTree = "<group>";
		};
/* End PBXGroup section */

/* Begin PBXNativeTarget section */
		CEFFA84A2AFA3FB0009EFAFB /* SpaceRace */ = {
			isa = PBXNativeTarget;
			buildConfigurationList = CEFFA85F2AFA3FB2009EFAFB /* Build configuration list for PBXNativeTarget "SpaceRace" */;
			buildPhases = (
				CEFFA8472AFA3FB0009EFAFB /* Sources */,
				CEFFA8482AFA3FB0009EFAFB /* Frameworks */,
				CEFFA8492AFA3FB0009EFAFB /* Resources */,
			);
			buildRules = (
			);
			dependencies = (
			);
			name = SpaceRace;
			productName = SpaceRace;
			productReference = CEFFA84B2AFA3FB0009EFAFB /* SpaceRace.app */;
			productType = "com.apple.product-type.application";
		};
/* End PBXNativeTarget section */

/* Begin PBXProject section */
		CEFFA8432AFA3FAF009EFAFB /* Project object */ = {
			isa = PBXProject;
			attributes = {
				BuildIndependentTargetsInParallel = 1;
				LastSwiftUpdateCheck = 1500;
				LastUpgradeCheck = 1500;
				TargetAttributes = {
					CEFFA84A2AFA3FB0009EFAFB = {
						CreatedOnToolsVersion = 15.0.1;
					};
				};
			};
			buildConfigurationList = CEFFA8462AFA3FAF009EFAFB /* Build configuration list for PBXProject "SpaceRace" */;
			compatibilityVersion = "Xcode 14.0";
			developmentRegion = en;
			hasScannedForEncodings = 0;
			knownRegions = (
				en,
				Base,
			);
			mainGroup = CEFFA8422AFA3FAF009EFAFB;
			productRefGroup = CEFFA84C2AFA3FB0009EFAFB /* Products */;
			projectDirPath = "";
			projectRoot = "";
			targets = (
				CEFFA84A2AFA3FB0009EFAFB /* SpaceRace */,
			);
		};
/* End PBXProject section */

/* Begin PBXResourcesBuildPhase section */
		CEFFA8492AFA3FB0009EFAFB /* Resources */ = {
			isa = PBXResourcesBuildPhase;
			buildActionMask = 2147483647;
			files = (
				CEFFA85B2AFA3FB2009EFAFB /* LaunchScreen.storyboard in Resources */,
				CEFFA8582AFA3FB2009EFAFB /* Assets.xcassets in Resources */,
				CEFFA8562AFA3FB0009EFAFB /* Main.storyboard in Resources */,
			);
			runOnlyForDeploymentPostprocessing = 0;
		};
/* End PBXResourcesBuildPhase section */

/* Begin PBXSourcesBuildPhase section */
		CEFFA8472AFA3FB0009EFAFB /* Sources */ = {
			isa = PBXSourcesBuildPhase;
			buildActionMask = 2147483647;
			files = (
				CE50BDA62AFA4AB300C0801A /* StarShipView.swift in Sources */,
				CE11A19C2AFD5CD100C763E6 /* BackgroundAnimator.swift in Sources */,
				CEFFA8532AFA3FB0009EFAFB /* MainViewController.swift in Sources */,
				CE50BDA12AFA469900C0801A /* GameSceneView.swift in Sources */,
				CEFFA84F2AFA3FB0009EFAFB /* AppDelegate.swift in Sources */,
				CE50BDA42AFA472C00C0801A /* GameSceneViewController.swift in Sources */,
				CE11A19E2AFE91E200C763E6 /* BulletImageView.swift in Sources */,
				CEFFA8512AFA3FB0009EFAFB /* SceneDelegate.swift in Sources */,
			);
			runOnlyForDeploymentPostprocessing = 0;
		};
/* End PBXSourcesBuildPhase section */

/* Begin PBXVariantGroup section */
		CEFFA8542AFA3FB0009EFAFB /* Main.storyboard */ = {
			isa = PBXVariantGroup;
			children = (
				CEFFA8552AFA3FB0009EFAFB /* Base */,
			);
			name = Main.storyboard;
			sourceTree = "<group>";
		};
		CEFFA8592AFA3FB2009EFAFB /* LaunchScreen.storyboard */ = {
			isa = PBXVariantGroup;
			children = (
				CEFFA85A2AFA3FB2009EFAFB /* Base */,
			);
			name = LaunchScreen.storyboard;
			sourceTree = "<group>";
		};
/* End PBXVariantGroup section */

/* Begin XCBuildConfiguration section */
		CEFFA85D2AFA3FB2009EFAFB /* Debug */ = {
			isa = XCBuildConfiguration;
			buildSettings = {
				ALWAYS_SEARCH_USER_PATHS = NO;
				ASSETCATALOG_COMPILER_GENERATE_SWIFT_ASSET_SYMBOL_EXTENSIONS = YES;
				CLANG_ANALYZER_NONNULL = YES;
				CLANG_ANALYZER_NUMBER_OBJECT_CONVERSION = YES_AGGRESSIVE;
				CLANG_CXX_LANGUAGE_STANDARD = "gnu++20";
				CLANG_ENABLE_MODULES = YES;
				CLANG_ENABLE_OBJC_ARC = YES;
				CLANG_ENABLE_OBJC_WEAK = YES;
				CLANG_WARN_BLOCK_CAPTURE_AUTORELEASING = YES;
				CLANG_WARN_BOOL_CONVERSION = YES;
				CLANG_WARN_COMMA = YES;
				CLANG_WARN_CONSTANT_CONVERSION = YES;
				CLANG_WARN_DEPRECATED_OBJC_IMPLEMENTATIONS = YES;
				CLANG_WARN_DIRECT_OBJC_ISA_USAGE = YES_ERROR;
				CLANG_WARN_DOCUMENTATION_COMMENTS = YES;
				CLANG_WARN_EMPTY_BODY = YES;
				CLANG_WARN_ENUM_CONVERSION = YES;
				CLANG_WARN_INFINITE_RECURSION = YES;
				CLANG_WARN_INT_CONVERSION = YES;
				CLANG_WARN_NON_LITERAL_NULL_CONVERSION = YES;
				CLANG_WARN_OBJC_IMPLICIT_RETAIN_SELF = YES;
				CLANG_WARN_OBJC_LITERAL_CONVERSION = YES;
				CLANG_WARN_OBJC_ROOT_CLASS = YES_ERROR;
				CLANG_WARN_QUOTED_INCLUDE_IN_FRAMEWORK_HEADER = YES;
				CLANG_WARN_RANGE_LOOP_ANALYSIS = YES;
				CLANG_WARN_STRICT_PROTOTYPES = YES;
				CLANG_WARN_SUSPICIOUS_MOVE = YES;
				CLANG_WARN_UNGUARDED_AVAILABILITY = YES_AGGRESSIVE;
				CLANG_WARN_UNREACHABLE_CODE = YES;
				CLANG_WARN__DUPLICATE_METHOD_MATCH = YES;
				COPY_PHASE_STRIP = NO;
				DEBUG_INFORMATION_FORMAT = dwarf;
				ENABLE_STRICT_OBJC_MSGSEND = YES;
				ENABLE_TESTABILITY = YES;
				ENABLE_USER_SCRIPT_SANDBOXING = YES;
				GCC_C_LANGUAGE_STANDARD = gnu17;
				GCC_DYNAMIC_NO_PIC = NO;
				GCC_NO_COMMON_BLOCKS = YES;
				GCC_OPTIMIZATION_LEVEL = 0;
				GCC_PREPROCESSOR_DEFINITIONS = (
					"DEBUG=1",
					"$(inherited)",
				);
				GCC_WARN_64_TO_32_BIT_CONVERSION = YES;
				GCC_WARN_ABOUT_RETURN_TYPE = YES_ERROR;
				GCC_WARN_UNDECLARED_SELECTOR = YES;
				GCC_WARN_UNINITIALIZED_AUTOS = YES_AGGRESSIVE;
				GCC_WARN_UNUSED_FUNCTION = YES;
				GCC_WARN_UNUSED_VARIABLE = YES;
				IPHONEOS_DEPLOYMENT_TARGET = 17.0;
				LOCALIZATION_PREFERS_STRING_CATALOGS = YES;
				MTL_ENABLE_DEBUG_INFO = INCLUDE_SOURCE;
				MTL_FAST_MATH = YES;
				ONLY_ACTIVE_ARCH = YES;
				SDKROOT = iphoneos;
				SWIFT_ACTIVE_COMPILATION_CONDITIONS = "DEBUG $(inherited)";
				SWIFT_OPTIMIZATION_LEVEL = "-Onone";
			};
			name = Debug;
		};
		CEFFA85E2AFA3FB2009EFAFB /* Release */ = {
			isa = XCBuildConfiguration;
			buildSettings = {
				ALWAYS_SEARCH_USER_PATHS = NO;
				ASSETCATALOG_COMPILER_GENERATE_SWIFT_ASSET_SYMBOL_EXTENSIONS = YES;
				CLANG_ANALYZER_NONNULL = YES;
				CLANG_ANALYZER_NUMBER_OBJECT_CONVERSION = YES_AGGRESSIVE;
				CLANG_CXX_LANGUAGE_STANDARD = "gnu++20";
				CLANG_ENABLE_MODULES = YES;
				CLANG_ENABLE_OBJC_ARC = YES;
				CLANG_ENABLE_OBJC_WEAK = YES;
				CLANG_WARN_BLOCK_CAPTURE_AUTORELEASING = YES;
				CLANG_WARN_BOOL_CONVERSION = YES;
				CLANG_WARN_COMMA = YES;
				CLANG_WARN_CONSTANT_CONVERSION = YES;
				CLANG_WARN_DEPRECATED_OBJC_IMPLEMENTATIONS = YES;
				CLANG_WARN_DIRECT_OBJC_ISA_USAGE = YES_ERROR;
				CLANG_WARN_DOCUMENTATION_COMMENTS = YES;
				CLANG_WARN_EMPTY_BODY = YES;
				CLANG_WARN_ENUM_CONVERSION = YES;
				CLANG_WARN_INFINITE_RECURSION = YES;
				CLANG_WARN_INT_CONVERSION = YES;
				CLANG_WARN_NON_LITERAL_NULL_CONVERSION = YES;
				CLANG_WARN_OBJC_IMPLICIT_RETAIN_SELF = YES;
				CLANG_WARN_OBJC_LITERAL_CONVERSION = YES;
				CLANG_WARN_OBJC_ROOT_CLASS = YES_ERROR;
				CLANG_WARN_QUOTED_INCLUDE_IN_FRAMEWORK_HEADER = YES;
				CLANG_WARN_RANGE_LOOP_ANALYSIS = YES;
				CLANG_WARN_STRICT_PROTOTYPES = YES;
				CLANG_WARN_SUSPICIOUS_MOVE = YES;
				CLANG_WARN_UNGUARDED_AVAILABILITY = YES_AGGRESSIVE;
				CLANG_WARN_UNREACHABLE_CODE = YES;
				CLANG_WARN__DUPLICATE_METHOD_MATCH = YES;
				COPY_PHASE_STRIP = NO;
				DEBUG_INFORMATION_FORMAT = "dwarf-with-dsym";
				ENABLE_NS_ASSERTIONS = NO;
				ENABLE_STRICT_OBJC_MSGSEND = YES;
				ENABLE_USER_SCRIPT_SANDBOXING = YES;
				GCC_C_LANGUAGE_STANDARD = gnu17;
				GCC_NO_COMMON_BLOCKS = YES;
				GCC_WARN_64_TO_32_BIT_CONVERSION = YES;
				GCC_WARN_ABOUT_RETURN_TYPE = YES_ERROR;
				GCC_WARN_UNDECLARED_SELECTOR = YES;
				GCC_WARN_UNINITIALIZED_AUTOS = YES_AGGRESSIVE;
				GCC_WARN_UNUSED_FUNCTION = YES;
				GCC_WARN_UNUSED_VARIABLE = YES;
				IPHONEOS_DEPLOYMENT_TARGET = 17.0;
				LOCALIZATION_PREFERS_STRING_CATALOGS = YES;
				MTL_ENABLE_DEBUG_INFO = NO;
				MTL_FAST_MATH = YES;
				SDKROOT = iphoneos;
				SWIFT_COMPILATION_MODE = wholemodule;
				VALIDATE_PRODUCT = YES;
			};
			name = Release;
		};
		CEFFA8602AFA3FB2009EFAFB /* Debug */ = {
			isa = XCBuildConfiguration;
			buildSettings = {
				ASSETCATALOG_COMPILER_APPICON_NAME = AppIcon;
				ASSETCATALOG_COMPILER_GLOBAL_ACCENT_COLOR_NAME = AccentColor;
				CODE_SIGN_STYLE = Automatic;
				CURRENT_PROJECT_VERSION = 1;
				DEVELOPMENT_TEAM = 8R2GX94A3B;
				GENERATE_INFOPLIST_FILE = YES;
				INFOPLIST_FILE = SpaceRace/Info.plist;
				INFOPLIST_KEY_UIApplicationSupportsIndirectInputEvents = YES;
				INFOPLIST_KEY_UILaunchStoryboardName = LaunchScreen;
				INFOPLIST_KEY_UIMainStoryboardFile = Main;
				INFOPLIST_KEY_UISupportedInterfaceOrientations = UIInterfaceOrientationPortrait;
				INFOPLIST_KEY_UISupportedInterfaceOrientations_iPad = "UIInterfaceOrientationLandscapeLeft UIInterfaceOrientationLandscapeRight UIInterfaceOrientationPortrait UIInterfaceOrientationPortraitUpsideDown";
				IPHONEOS_DEPLOYMENT_TARGET = 16.0;
				LD_RUNPATH_SEARCH_PATHS = (
					"$(inherited)",
					"@executable_path/Frameworks",
				);
				MARKETING_VERSION = 1.0;
				PRODUCT_BUNDLE_IDENTIFIER = "Damnep-Inc..SpaceRace";
				PRODUCT_NAME = "$(TARGET_NAME)";
				SUPPORTED_PLATFORMS = "iphoneos iphonesimulator";
				SUPPORTS_MACCATALYST = NO;
				SUPPORTS_MAC_DESIGNED_FOR_IPHONE_IPAD = NO;
				SWIFT_EMIT_LOC_STRINGS = YES;
				SWIFT_VERSION = 5.0;
				TARGETED_DEVICE_FAMILY = 1;
			};
			name = Debug;
		};
		CEFFA8612AFA3FB2009EFAFB /* Release */ = {
			isa = XCBuildConfiguration;
			buildSettings = {
				ASSETCATALOG_COMPILER_APPICON_NAME = AppIcon;
				ASSETCATALOG_COMPILER_GLOBAL_ACCENT_COLOR_NAME = AccentColor;
				CODE_SIGN_STYLE = Automatic;
				CURRENT_PROJECT_VERSION = 1;
				DEVELOPMENT_TEAM = 8R2GX94A3B;
				GENERATE_INFOPLIST_FILE = YES;
				INFOPLIST_FILE = SpaceRace/Info.plist;
				INFOPLIST_KEY_UIApplicationSupportsIndirectInputEvents = YES;
				INFOPLIST_KEY_UILaunchStoryboardName = LaunchScreen;
				INFOPLIST_KEY_UIMainStoryboardFile = Main;
				INFOPLIST_KEY_UISupportedInterfaceOrientations = UIInterfaceOrientationPortrait;
				INFOPLIST_KEY_UISupportedInterfaceOrientations_iPad = "UIInterfaceOrientationLandscapeLeft UIInterfaceOrientationLandscapeRight UIInterfaceOrientationPortrait UIInterfaceOrientationPortraitUpsideDown";
				IPHONEOS_DEPLOYMENT_TARGET = 16.0;
				LD_RUNPATH_SEARCH_PATHS = (
					"$(inherited)",
					"@executable_path/Frameworks",
				);
				MARKETING_VERSION = 1.0;
				PRODUCT_BUNDLE_IDENTIFIER = "Damnep-Inc..SpaceRace";
				PRODUCT_NAME = "$(TARGET_NAME)";
				SUPPORTED_PLATFORMS = "iphoneos iphonesimulator";
				SUPPORTS_MACCATALYST = NO;
				SUPPORTS_MAC_DESIGNED_FOR_IPHONE_IPAD = NO;
				SWIFT_EMIT_LOC_STRINGS = YES;
				SWIFT_VERSION = 5.0;
				TARGETED_DEVICE_FAMILY = 1;
			};
			name = Release;
		};
/* End XCBuildConfiguration section */

/* Begin XCConfigurationList section */
		CEFFA8462AFA3FAF009EFAFB /* Build configuration list for PBXProject "SpaceRace" */ = {
			isa = XCConfigurationList;
			buildConfigurations = (
				CEFFA85D2AFA3FB2009EFAFB /* Debug */,
				CEFFA85E2AFA3FB2009EFAFB /* Release */,
			);
			defaultConfigurationIsVisible = 0;
			defaultConfigurationName = Release;
		};
		CEFFA85F2AFA3FB2009EFAFB /* Build configuration list for PBXNativeTarget "SpaceRace" */ = {
			isa = XCConfigurationList;
			buildConfigurations = (
				CEFFA8602AFA3FB2009EFAFB /* Debug */,
				CEFFA8612AFA3FB2009EFAFB /* Release */,
			);
			defaultConfigurationIsVisible = 0;
			defaultConfigurationName = Release;
		};
/* End XCConfigurationList section */
	};
	rootObject = CEFFA8432AFA3FAF009EFAFB /* Project object */;
}
